version = 1
revision = 1
requires-python = ">=3.12"

[[package]]
name = "asttokens"
version = "3.0.0"
source = { registry = "https://pypi.org/simple" }
sdist = { url = "https://files.pythonhosted.org/packages/4a/e7/82da0a03e7ba5141f05cce0d302e6eed121ae055e0456ca228bf693984bc/asttokens-3.0.0.tar.gz", hash = "sha256:0dcd8baa8d62b0c1d118b399b2ddba3c4aff271d0d7a9e0d4c1681c79035bbc7", size = 61978 }
wheels = [
    { url = "https://files.pythonhosted.org/packages/25/8a/c46dcc25341b5bce5472c718902eb3d38600a903b14fa6aeecef3f21a46f/asttokens-3.0.0-py3-none-any.whl", hash = "sha256:e3078351a059199dd5138cb1c706e6430c05eff2ff136af5eb4790f9d28932e2", size = 26918 },
]

[[package]]
name = "colorama"
version = "0.4.6"
source = { registry = "https://pypi.org/simple" }
sdist = { url = "https://files.pythonhosted.org/packages/d8/53/6f443c9a4a8358a93a6792e2acffb9d9d5cb0a5cfd8802644b7b1c9a02e4/colorama-0.4.6.tar.gz", hash = "sha256:08695f5cb7ed6e0531a20572697297273c47b8cae5a63ffc6d6ed5c201be6e44", size = 27697 }
wheels = [
    { url = "https://files.pythonhosted.org/packages/d1/d6/3965ed04c63042e047cb6a3e6ed1a63a35087b6a609aa3a15ed8ac56c221/colorama-0.4.6-py2.py3-none-any.whl", hash = "sha256:4f1d9991f5acc0ca119f9d443620b77f9d6b33703e51011c16baf57afb285fc6", size = 25335 },
]

[[package]]
name = "comm"
version = "0.2.3"
source = { registry = "https://pypi.org/simple" }
sdist = { url = "https://files.pythonhosted.org/packages/4c/13/7d740c5849255756bc17888787313b61fd38a0a8304fc4f073dfc46122aa/comm-0.2.3.tar.gz", hash = "sha256:2dc8048c10962d55d7ad693be1e7045d891b7ce8d999c97963a5e3e99c055971", size = 6319 }
wheels = [
    { url = "https://files.pythonhosted.org/packages/60/97/891a0971e1e4a8c5d2b20bbe0e524dc04548d2307fee33cdeba148fd4fc7/comm-0.2.3-py3-none-any.whl", hash = "sha256:c615d91d75f7f04f095b30d1c1711babd43bdc6419c1be9886a85f2f4e489417", size = 7294 },
]

[[package]]
name = "decorator"
version = "5.2.1"
source = { registry = "https://pypi.org/simple" }
sdist = { url = "https://files.pythonhosted.org/packages/43/fa/6d96a0978d19e17b68d634497769987b16c8f4cd0a7a05048bec693caa6b/decorator-5.2.1.tar.gz", hash = "sha256:65f266143752f734b0a7cc83c46f4618af75b8c5911b00ccb61d0ac9b6da0360", size = 56711 }
wheels = [
    { url = "https://files.pythonhosted.org/packages/4e/8c/f3147f5c4b73e7550fe5f9352eaa956ae838d5c51eb58e7a25b9f3e2643b/decorator-5.2.1-py3-none-any.whl", hash = "sha256:d316bb415a2d9e2d2b3abcc4084c6502fc09240e292cd76a76afc106a1c8e04a", size = 9190 },
]

[[package]]
name = "executing"
version = "2.2.1"
source = { registry = "https://pypi.org/simple" }
sdist = { url = "https://files.pythonhosted.org/packages/cc/28/c14e053b6762b1044f34a13aab6859bbf40456d37d23aa286ac24cfd9a5d/executing-2.2.1.tar.gz", hash = "sha256:3632cc370565f6648cc328b32435bd120a1e4ebb20c77e3fdde9a13cd1e533c4", size = 1129488 }
wheels = [
    { url = "https://files.pythonhosted.org/packages/c1/ea/53f2148663b321f21b5a606bd5f191517cf40b7072c0497d3c92c4a13b1e/executing-2.2.1-py2.py3-none-any.whl", hash = "sha256:760643d3452b4d777d295bb167ccc74c64a81df23fb5e08eff250c425a4b2017", size = 28317 },
]

[[package]]
name = "giotto-ph"
version = "0.2.4"
source = { registry = "https://pypi.org/simple" }
dependencies = [
    { name = "numpy" },
    { name = "scikit-learn" },
    { name = "scipy" },
]
wheels = [
    { url = "https://files.pythonhosted.org/packages/16/8b/9ba340e91990e8493683147d11e43df4ea5d5d42187e5e1efb6342e247fc/giotto_ph-0.2.4-cp312-cp312-macosx_10_9_universal2.whl", hash = "sha256:605ff12d7e0251223ce0cb2e0f0794518ced5389e50a8fbeba7a924585931716", size = 805971 },
    { url = "https://files.pythonhosted.org/packages/87/01/d62936007ec193a3b3dc5526158a54224772f2538944747565ddc5a43884/giotto_ph-0.2.4-cp312-cp312-manylinux_2_17_x86_64.manylinux2014_x86_64.whl", hash = "sha256:69bf73304f7a454f7144b2cee83e188f51896a9bcb9e823fa6c75aa36ca11da9", size = 556960 },
    { url = "https://files.pythonhosted.org/packages/b3/48/cebadab04348f80a1ddbd703d547e40aa0504f0f1f91a0b5e36c7dd2d902/giotto_ph-0.2.4-cp312-cp312-win_amd64.whl", hash = "sha256:dc8a35c3df35b00c68a5639aac647f2a2747bb7bf342e194bc0d8ab1a548d413", size = 408033 },
]

[[package]]
name = "giotto-tda"
version = "0.6.2"
source = { registry = "https://pypi.org/simple" }
dependencies = [
    { name = "giotto-ph" },
    { name = "igraph" },
    { name = "ipywidgets" },
    { name = "joblib" },
    { name = "numpy" },
    { name = "plotly" },
    { name = "pyflagser" },
    { name = "scikit-learn" },
    { name = "scipy" },
]
wheels = [
    { url = "https://files.pythonhosted.org/packages/59/b3/a21ca58442b59738cd25dee5152303550a699189403cf9b221dbb836e0fc/giotto_tda-0.6.2-cp312-cp312-macosx_10_9_universal2.whl", hash = "sha256:a04ed69e59965baa6e2fe4846725609f0a17084a993f2449e2991d14ed4a1d4e", size = 1781469 },
    { url = "https://files.pythonhosted.org/packages/84/a8/eb05e40723de80d14a2c038030c96aee0a6cbd973ee536b62236f57925b4/giotto_tda-0.6.2-cp312-cp312-manylinux_2_17_x86_64.manylinux2014_x86_64.whl", hash = "sha256:63066e3ab703b0ba6a49e670c2695b087b079674fbe805e584ec6967a8ff1c71", size = 1361209 },
    { url = "https://files.pythonhosted.org/packages/f5/dd/42912c7088181067cdcfbe0a07b88f441e4f8ded1357515405bd889c3fe8/giotto_tda-0.6.2-cp312-cp312-win_amd64.whl", hash = "sha256:388a460559019759656129bc9c0ea3922923371f5eb0d771e5226a244d481e17", size = 1251125 },
]

[[package]]
name = "igraph"
version = "1.0.0"
source = { registry = "https://pypi.org/simple" }
dependencies = [
    { name = "texttable" },
]
sdist = { url = "https://files.pythonhosted.org/packages/23/be/56bef1919005b4caf1f71522b300d359f7faeb7ae93a3b0baa9b4f146a87/igraph-1.0.0.tar.gz", hash = "sha256:2414d0be2e4d77ee5357807d100974b40f6082bb1bb71988ec46cfb6728651ee", size = 5077105 }
wheels = [
    { url = "https://files.pythonhosted.org/packages/a5/03/3278ad0ceb3ea0e84d8ae3a85bdded4d0e57853aeb802a200feb43847b93/igraph-1.0.0-cp39-abi3-macosx_10_15_x86_64.whl", hash = "sha256:c2cbc415e02523e5a241eecee82319080bf928a70b1ba299f3b3e25bf029b6d4", size = 2257415 },
    { url = "https://files.pythonhosted.org/packages/0d/bc/6281ec7f9baaf71ee57c3b1748da2d3148d15d253e1a03006f204aa68ca5/igraph-1.0.0-cp39-abi3-macosx_11_0_arm64.whl", hash = "sha256:1a27753cd80680a8f676c2d5a467aaa4a95e510b30748398ec4e4aeb982130e8", size = 2048555 },
    { url = "https://files.pythonhosted.org/packages/2a/38/3cd6428a4ed4c09a56df05998438e7774fd1d799ee4fb8fc481674f5f7fc/igraph-1.0.0-cp39-abi3-manylinux_2_28_aarch64.whl", hash = "sha256:a55dc3a2a4e3fc3eba42479910c1511bfc3ecb33cdf5f0406891fd85f14b5aee", size = 5314141 },
    { url = "https://files.pythonhosted.org/packages/7d/da/dd2867c25adbb41563720f14b5fc895c98bf88be682a3faff4f7b3118d2a/igraph-1.0.0-cp39-abi3-manylinux_2_28_x86_64.whl", hash = "sha256:2d04c2c76f686fb1f554ee35dfd3085f5e73b7965ba6b4cf06d53e66b1955522", size = 5683134 },
    { url = "https://files.pythonhosted.org/packages/e5/40/243c118d34ab80382d7009c4dcb99b887384c3d2ce84d29eeac19e2a007a/igraph-1.0.0-cp39-abi3-musllinux_1_2_aarch64.whl", hash = "sha256:f2b52dc1757fff0fed29a9f7a276d971a11db4211569ed78b9eab36288dfcc9d", size = 6211583 },
    { url = "https://files.pythonhosted.org/packages/1d/b7/88f433819c54b496cb0315fce28e658970cb20ff5dbd52a5a605ce2888de/igraph-1.0.0-cp39-abi3-musllinux_1_2_x86_64.whl", hash = "sha256:05c79a2a8fca695b2f217a6fa7f2549f896f757d4db41be32a055400cb19cc30", size = 6594509 },
    { url = "https://files.pythonhosted.org/packages/7b/5d/8f7f6f619d374e959aa3664ebc4b24c10abc90c2e8efbed97f2623fadaf5/igraph-1.0.0-cp39-abi3-win32.whl", hash = "sha256:c2bce3cd472fec3dd9c4d8a3ea5b6b9be65fb30edf760beb4850760dd4f2d479", size = 2725406 },
    { url = "https://files.pythonhosted.org/packages/af/77/a85b3745cf40a0572bae2de8cd9c2a2a8af78e5cf3e880fc0a249114e609/igraph-1.0.0-cp39-abi3-win_amd64.whl", hash = "sha256:faeff8ede0cf15eb4ded44b0fcea6e1886740146e60504c24ad2da14e0939563", size = 3221663 },
    { url = "https://files.pythonhosted.org/packages/ef/7e/5df541c37bdf6493035e89c22bd53f30d99b291bcda6c78e9a8afeecec2b/igraph-1.0.0-cp39-abi3-win_arm64.whl", hash = "sha256:b607cafc24b10a615e713ee96e58208ef27e0764af80140c7cc45d4724a3f2df", size = 2785701 },
]

[[package]]
name = "ipython"
version = "9.7.0"
source = { registry = "https://pypi.org/simple" }
dependencies = [
    { name = "colorama", marker = "sys_platform == 'win32'" },
    { name = "decorator" },
    { name = "ipython-pygments-lexers" },
    { name = "jedi" },
    { name = "matplotlib-inline" },
    { name = "pexpect", marker = "sys_platform != 'emscripten' and sys_platform != 'win32'" },
    { name = "prompt-toolkit" },
    { name = "pygments" },
    { name = "stack-data" },
    { name = "traitlets" },
]
sdist = { url = "https://files.pythonhosted.org/packages/29/e6/48c74d54039241a456add616464ea28c6ebf782e4110d419411b83dae06f/ipython-9.7.0.tar.gz", hash = "sha256:5f6de88c905a566c6a9d6c400a8fed54a638e1f7543d17aae2551133216b1e4e", size = 4422115 }
wheels = [
    { url = "https://files.pythonhosted.org/packages/05/aa/62893d6a591d337aa59dcc4c6f6c842f1fe20cd72c8c5c1f980255243252/ipython-9.7.0-py3-none-any.whl", hash = "sha256:bce8ac85eb9521adc94e1845b4c03d88365fd6ac2f4908ec4ed1eb1b0a065f9f", size = 618911 },
]

[[package]]
name = "ipython-pygments-lexers"
version = "1.1.1"
source = { registry = "https://pypi.org/simple" }
dependencies = [
    { name = "pygments" },
]
sdist = { url = "https://files.pythonhosted.org/packages/ef/4c/5dd1d8af08107f88c7f741ead7a40854b8ac24ddf9ae850afbcf698aa552/ipython_pygments_lexers-1.1.1.tar.gz", hash = "sha256:09c0138009e56b6854f9535736f4171d855c8c08a563a0dcd8022f78355c7e81", size = 8393 }
wheels = [
    { url = "https://files.pythonhosted.org/packages/d9/33/1f075bf72b0b747cb3288d011319aaf64083cf2efef8354174e3ed4540e2/ipython_pygments_lexers-1.1.1-py3-none-any.whl", hash = "sha256:a9462224a505ade19a605f71f8fa63c2048833ce50abc86768a0d81d876dc81c", size = 8074 },
]

[[package]]
name = "ipywidgets"
version = "8.1.8"
source = { registry = "https://pypi.org/simple" }
dependencies = [
    { name = "comm" },
    { name = "ipython" },
    { name = "jupyterlab-widgets" },
    { name = "traitlets" },
    { name = "widgetsnbextension" },
]
sdist = { url = "https://files.pythonhosted.org/packages/4c/ae/c5ce1edc1afe042eadb445e95b0671b03cee61895264357956e61c0d2ac0/ipywidgets-8.1.8.tar.gz", hash = "sha256:61f969306b95f85fba6b6986b7fe45d73124d1d9e3023a8068710d47a22ea668", size = 116739 }
wheels = [
    { url = "https://files.pythonhosted.org/packages/56/6d/0d9848617b9f753b87f214f1c682592f7ca42de085f564352f10f0843026/ipywidgets-8.1.8-py3-none-any.whl", hash = "sha256:ecaca67aed704a338f88f67b1181b58f821ab5dc89c1f0f5ef99db43c1c2921e", size = 139808 },
]

[[package]]
name = "jedi"
version = "0.19.2"
source = { registry = "https://pypi.org/simple" }
dependencies = [
    { name = "parso" },
]
sdist = { url = "https://files.pythonhosted.org/packages/72/3a/79a912fbd4d8dd6fbb02bf69afd3bb72cf0c729bb3063c6f4498603db17a/jedi-0.19.2.tar.gz", hash = "sha256:4770dc3de41bde3966b02eb84fbcf557fb33cce26ad23da12c742fb50ecb11f0", size = 1231287 }
wheels = [
    { url = "https://files.pythonhosted.org/packages/c0/5a/9cac0c82afec3d09ccd97c8b6502d48f165f9124db81b4bcb90b4af974ee/jedi-0.19.2-py2.py3-none-any.whl", hash = "sha256:a8ef22bde8490f57fe5c7681a3c83cb58874daf72b4784de3cce5b6ef6edb5b9", size = 1572278 },
]

[[package]]
name = "joblib"
version = "1.5.2"
source = { registry = "https://pypi.org/simple" }
sdist = { url = "https://files.pythonhosted.org/packages/e8/5d/447af5ea094b9e4c4054f82e223ada074c552335b9b4b2d14bd9b35a67c4/joblib-1.5.2.tar.gz", hash = "sha256:3faa5c39054b2f03ca547da9b2f52fde67c06240c31853f306aea97f13647b55", size = 331077 }
wheels = [
    { url = "https://files.pythonhosted.org/packages/1e/e8/685f47e0d754320684db4425a0967f7d3fa70126bffd76110b7009a0090f/joblib-1.5.2-py3-none-any.whl", hash = "sha256:4e1f0bdbb987e6d843c70cf43714cb276623def372df3c22fe5266b2670bc241", size = 308396 },
]

[[package]]
name = "jupyterlab-widgets"
version = "3.0.16"
source = { registry = "https://pypi.org/simple" }
sdist = { url = "https://files.pythonhosted.org/packages/26/2d/ef58fed122b268c69c0aa099da20bc67657cdfb2e222688d5731bd5b971d/jupyterlab_widgets-3.0.16.tar.gz", hash = "sha256:423da05071d55cf27a9e602216d35a3a65a3e41cdf9c5d3b643b814ce38c19e0", size = 897423 }
wheels = [
    { url = "https://files.pythonhosted.org/packages/ab/b5/36c712098e6191d1b4e349304ef73a8d06aed77e56ceaac8c0a306c7bda1/jupyterlab_widgets-3.0.16-py3-none-any.whl", hash = "sha256:45fa36d9c6422cf2559198e4db481aa243c7a32d9926b500781c830c80f7ecf8", size = 914926 },
]

[[package]]
name = "matplotlib-inline"
version = "0.2.1"
source = { registry = "https://pypi.org/simple" }
dependencies = [
    { name = "traitlets" },
]
sdist = { url = "https://files.pythonhosted.org/packages/c7/74/97e72a36efd4ae2bccb3463284300f8953f199b5ffbc04cbbb0ec78f74b1/matplotlib_inline-0.2.1.tar.gz", hash = "sha256:e1ee949c340d771fc39e241ea75683deb94762c8fa5f2927ec57c83c4dffa9fe", size = 8110 }
wheels = [
    { url = "https://files.pythonhosted.org/packages/af/33/ee4519fa02ed11a94aef9559552f3b17bb863f2ecfe1a35dc7f548cde231/matplotlib_inline-0.2.1-py3-none-any.whl", hash = "sha256:d56ce5156ba6085e00a9d54fead6ed29a9c47e215cd1bba2e976ef39f5710a76", size = 9516 },
]

[[package]]
name = "narwhals"
version = "2.11.0"
source = { registry = "https://pypi.org/simple" }
sdist = { url = "https://files.pythonhosted.org/packages/7d/a2/25208347aa4c2d82a265cf4bc0873aaf5069f525c0438146821e7fc19ef5/narwhals-2.11.0.tar.gz", hash = "sha256:d23f3ea7efc6b4d0355444a72de6b8fa3011175585246c3400c894a7583964af", size = 589233 }
wheels = [
    { url = "https://files.pythonhosted.org/packages/c0/a1/4d21933898e23b011ae0528151b57a9230a62960d0919bf2ee48c7f5c20a/narwhals-2.11.0-py3-none-any.whl", hash = "sha256:a9795e1e44aa94e5ba6406ef1c5ee4c172414ced4f1aea4a79e5894f0c7378d4", size = 423069 },
]

[[package]]
name = "numpy"
version = "1.26.4"
source = { registry = "https://pypi.org/simple" }
sdist = { url = "https://files.pythonhosted.org/packages/65/6e/09db70a523a96d25e115e71cc56a6f9031e7b8cd166c1ac8438307c14058/numpy-1.26.4.tar.gz", hash = "sha256:2a02aba9ed12e4ac4eb3ea9421c420301a0c6460d9830d74a9df87efa4912010", size = 15786129 }
wheels = [
    { url = "https://files.pythonhosted.org/packages/95/12/8f2020a8e8b8383ac0177dc9570aad031a3beb12e38847f7129bacd96228/numpy-1.26.4-cp312-cp312-macosx_10_9_x86_64.whl", hash = "sha256:b3ce300f3644fb06443ee2222c2201dd3a89ea6040541412b8fa189341847218", size = 20335901 },
    { url = "https://files.pythonhosted.org/packages/75/5b/ca6c8bd14007e5ca171c7c03102d17b4f4e0ceb53957e8c44343a9546dcc/numpy-1.26.4-cp312-cp312-macosx_11_0_arm64.whl", hash = "sha256:03a8c78d01d9781b28a6989f6fa1bb2c4f2d51201cf99d3dd875df6fbd96b23b", size = 13685868 },
    { url = "https://files.pythonhosted.org/packages/79/f8/97f10e6755e2a7d027ca783f63044d5b1bc1ae7acb12afe6a9b4286eac17/numpy-1.26.4-cp312-cp312-manylinux_2_17_aarch64.manylinux2014_aarch64.whl", hash = "sha256:9fad7dcb1aac3c7f0584a5a8133e3a43eeb2fe127f47e3632d43d677c66c102b", size = 13925109 },
    { url = "https://files.pythonhosted.org/packages/0f/50/de23fde84e45f5c4fda2488c759b69990fd4512387a8632860f3ac9cd225/numpy-1.26.4-cp312-cp312-manylinux_2_17_x86_64.manylinux2014_x86_64.whl", hash = "sha256:675d61ffbfa78604709862923189bad94014bef562cc35cf61d3a07bba02a7ed", size = 17950613 },
    { url = "https://files.pythonhosted.org/packages/4c/0c/9c603826b6465e82591e05ca230dfc13376da512b25ccd0894709b054ed0/numpy-1.26.4-cp312-cp312-musllinux_1_1_aarch64.whl", hash = "sha256:ab47dbe5cc8210f55aa58e4805fe224dac469cde56b9f731a4c098b91917159a", size = 13572172 },
    { url = "https://files.pythonhosted.org/packages/76/8c/2ba3902e1a0fc1c74962ea9bb33a534bb05984ad7ff9515bf8d07527cadd/numpy-1.26.4-cp312-cp312-musllinux_1_1_x86_64.whl", hash = "sha256:1dda2e7b4ec9dd512f84935c5f126c8bd8b9f2fc001e9f54af255e8c5f16b0e0", size = 17786643 },
    { url = "https://files.pythonhosted.org/packages/28/4a/46d9e65106879492374999e76eb85f87b15328e06bd1550668f79f7b18c6/numpy-1.26.4-cp312-cp312-win32.whl", hash = "sha256:50193e430acfc1346175fcbdaa28ffec49947a06918b7b92130744e81e640110", size = 5677803 },
    { url = "https://files.pythonhosted.org/packages/16/2e/86f24451c2d530c88daf997cb8d6ac622c1d40d19f5a031ed68a4b73a374/numpy-1.26.4-cp312-cp312-win_amd64.whl", hash = "sha256:08beddf13648eb95f8d867350f6a018a4be2e5ad54c8d8caed89ebca558b2818", size = 15517754 },
]

[[package]]
name = "packaging"
version = "25.0"
source = { registry = "https://pypi.org/simple" }
sdist = { url = "https://files.pythonhosted.org/packages/a1/d4/1fc4078c65507b51b96ca8f8c3ba19e6a61c8253c72794544580a7b6c24d/packaging-25.0.tar.gz", hash = "sha256:d443872c98d677bf60f6a1f2f8c1cb748e8fe762d2bf9d3148b5599295b0fc4f", size = 165727 }
wheels = [
    { url = "https://files.pythonhosted.org/packages/20/12/38679034af332785aac8774540895e234f4d07f7545804097de4b666afd8/packaging-25.0-py3-none-any.whl", hash = "sha256:29572ef2b1f17581046b3a2227d5c611fb25ec70ca1ba8554b24b0e69331a484", size = 66469 },
]

[[package]]
name = "parso"
version = "0.8.5"
source = { registry = "https://pypi.org/simple" }
sdist = { url = "https://files.pythonhosted.org/packages/d4/de/53e0bcf53d13e005bd8c92e7855142494f41171b34c2536b86187474184d/parso-0.8.5.tar.gz", hash = "sha256:034d7354a9a018bdce352f48b2a8a450f05e9d6ee85db84764e9b6bd96dafe5a", size = 401205 }
wheels = [
    { url = "https://files.pythonhosted.org/packages/16/32/f8e3c85d1d5250232a5d3477a2a28cc291968ff175caeadaf3cc19ce0e4a/parso-0.8.5-py2.py3-none-any.whl", hash = "sha256:646204b5ee239c396d040b90f9e272e9a8017c630092bf59980beb62fd033887", size = 106668 },
]

[[package]]
name = "pexpect"
version = "4.9.0"
source = { registry = "https://pypi.org/simple" }
dependencies = [
    { name = "ptyprocess" },
]
sdist = { url = "https://files.pythonhosted.org/packages/42/92/cc564bf6381ff43ce1f4d06852fc19a2f11d180f23dc32d9588bee2f149d/pexpect-4.9.0.tar.gz", hash = "sha256:ee7d41123f3c9911050ea2c2dac107568dc43b2d3b0c7557a33212c398ead30f", size = 166450 }
wheels = [
    { url = "https://files.pythonhosted.org/packages/9e/c3/059298687310d527a58bb01f3b1965787ee3b40dce76752eda8b44e9a2c5/pexpect-4.9.0-py2.py3-none-any.whl", hash = "sha256:7236d1e080e4936be2dc3e326cec0af72acf9212a7e1d060210e70a47e253523", size = 63772 },
]

[[package]]
name = "plotly"
version = "6.4.0"
source = { registry = "https://pypi.org/simple" }
dependencies = [
    { name = "narwhals" },
    { name = "packaging" },
]
sdist = { url = "https://files.pythonhosted.org/packages/06/e6/b768650072837505804bed4790c5449ba348a3b720e27ca7605414e998cd/plotly-6.4.0.tar.gz", hash = "sha256:68c6db2ed2180289ef978f087841148b7efda687552276da15a6e9b92107052a", size = 7012379 }
wheels = [
    { url = "https://files.pythonhosted.org/packages/78/ae/89b45ccccfeebc464c9233de5675990f75241b8ee4cd63227800fdf577d1/plotly-6.4.0-py3-none-any.whl", hash = "sha256:a1062eafbdc657976c2eedd276c90e184ccd6c21282a5e9ee8f20efca9c9a4c5", size = 9892458 },
]

[[package]]
name = "prompt-toolkit"
version = "3.0.52"
source = { registry = "https://pypi.org/simple" }
dependencies = [
    { name = "wcwidth" },
]
sdist = { url = "https://files.pythonhosted.org/packages/a1/96/06e01a7b38dce6fe1db213e061a4602dd6032a8a97ef6c1a862537732421/prompt_toolkit-3.0.52.tar.gz", hash = "sha256:28cde192929c8e7321de85de1ddbe736f1375148b02f2e17edd840042b1be855", size = 434198 }
wheels = [
    { url = "https://files.pythonhosted.org/packages/84/03/0d3ce49e2505ae70cf43bc5bb3033955d2fc9f932163e84dc0779cc47f48/prompt_toolkit-3.0.52-py3-none-any.whl", hash = "sha256:9aac639a3bbd33284347de5ad8d68ecc044b91a762dc39b7c21095fcd6a19955", size = 391431 },
]

[[package]]
name = "ptyprocess"
version = "0.7.0"
source = { registry = "https://pypi.org/simple" }
sdist = { url = "https://files.pythonhosted.org/packages/20/e5/16ff212c1e452235a90aeb09066144d0c5a6a8c0834397e03f5224495c4e/ptyprocess-0.7.0.tar.gz", hash = "sha256:5c5d0a3b48ceee0b48485e0c26037c0acd7d29765ca3fbb5cb3831d347423220", size = 70762 }
wheels = [
    { url = "https://files.pythonhosted.org/packages/22/a6/858897256d0deac81a172289110f31629fc4cee19b6f01283303e18c8db3/ptyprocess-0.7.0-py2.py3-none-any.whl", hash = "sha256:4b41f3967fce3af57cc7e94b888626c18bf37a083e3651ca8feeb66d492fef35", size = 13993 },
]

[[package]]
name = "pure-eval"
version = "0.2.3"
source = { registry = "https://pypi.org/simple" }
sdist = { url = "https://files.pythonhosted.org/packages/cd/05/0a34433a064256a578f1783a10da6df098ceaa4a57bbeaa96a6c0352786b/pure_eval-0.2.3.tar.gz", hash = "sha256:5f4e983f40564c576c7c8635ae88db5956bb2229d7e9237d03b3c0b0190eaf42", size = 19752 }
wheels = [
    { url = "https://files.pythonhosted.org/packages/8e/37/efad0257dc6e593a18957422533ff0f87ede7c9c6ea010a2177d738fb82f/pure_eval-0.2.3-py3-none-any.whl", hash = "sha256:1db8e35b67b3d218d818ae653e27f06c3aa420901fa7b081ca98cbedc874e0d0", size = 11842 },
]

[[package]]
name = "pyflagser"
version = "0.4.7"
source = { registry = "https://pypi.org/simple" }
dependencies = [
    { name = "numpy" },
    { name = "scipy" },
]
wheels = [
    { url = "https://files.pythonhosted.org/packages/0b/54/0021701740570880c85704d24a655262fbc65e584ecc4c08088919e955b8/pyflagser-0.4.7-cp312-cp312-macosx_10_9_universal2.whl", hash = "sha256:97a757e20d590c0ca3f97f1b0daad8019f5c9c203e7a70ec9b12ffc1a03ef467", size = 735070 },
    { url = "https://files.pythonhosted.org/packages/76/67/e9d6caf9097de946001a0125869f919dc1b30b2c05322eae4bbc09bf0a1d/pyflagser-0.4.7-cp312-cp312-manylinux_2_17_x86_64.manylinux2014_x86_64.whl", hash = "sha256:b138282f1471a44f1bbba7fd032d00c355ebc656b4098fa44a53ba85ff324d61", size = 457871 },
    { url = "https://files.pythonhosted.org/packages/9f/53/685a0449c83c98846ec098dde51f9462e7e0d24d09e527762aabf48e80ad/pyflagser-0.4.7-cp312-cp312-win_amd64.whl", hash = "sha256:ddb2927acadabe20bc09d303fb9df02775dc4973f9b69884d8290a245cae8bf8", size = 565730 },
]

[[package]]
name = "pygments"
version = "2.19.2"
source = { registry = "https://pypi.org/simple" }
sdist = { url = "https://files.pythonhosted.org/packages/b0/77/a5b8c569bf593b0140bde72ea885a803b82086995367bf2037de0159d924/pygments-2.19.2.tar.gz", hash = "sha256:636cb2477cec7f8952536970bc533bc43743542f70392ae026374600add5b887", size = 4968631 }
wheels = [
    { url = "https://files.pythonhosted.org/packages/c7/21/705964c7812476f378728bdf590ca4b771ec72385c533964653c68e86bdc/pygments-2.19.2-py3-none-any.whl", hash = "sha256:86540386c03d588bb81d44bc3928634ff26449851e99741617ecb9037ee5ec0b", size = 1225217 },
]

[[package]]
name = "scikit-learn"
version = "1.3.2"
source = { registry = "https://pypi.org/simple" }
dependencies = [
    { name = "joblib" },
    { name = "numpy" },
    { name = "scipy" },
    { name = "threadpoolctl" },
]
sdist = { url = "https://files.pythonhosted.org/packages/88/00/835e3d280fdd7784e76bdef91dd9487582d7951a7254f59fc8004fc8b213/scikit-learn-1.3.2.tar.gz", hash = "sha256:a2f54c76accc15a34bfb9066e6c7a56c1e7235dda5762b990792330b52ccfb05", size = 7510251 }
wheels = [
    { url = "https://files.pythonhosted.org/packages/26/7e/2c3b82c8c29aa384c8bf859740419278627d2cdd0050db503c8840e72477/scikit_learn-1.3.2-cp312-cp312-macosx_10_9_x86_64.whl", hash = "sha256:8db94cd8a2e038b37a80a04df8783e09caac77cbe052146432e67800e430c028", size = 9979322 },
    { url = "https://files.pythonhosted.org/packages/cf/fc/6c52ffeb587259b6b893b7cac268f1eb1b5426bcce1aa20e53523bfe6944/scikit_learn-1.3.2-cp312-cp312-macosx_12_0_arm64.whl", hash = "sha256:61a6efd384258789aa89415a410dcdb39a50e19d3d8410bd29be365bcdd512d5", size = 9270688 },
    { url = "https://files.pythonhosted.org/packages/e5/a7/6f4ae76f72ae9de162b97acbf1f53acbe404c555f968d13da21e4112a002/scikit_learn-1.3.2-cp312-cp312-manylinux_2_17_aarch64.manylinux2014_aarch64.whl", hash = "sha256:cb06f8dce3f5ddc5dee1715a9b9f19f20d295bed8e3cd4fa51e1d050347de525", size = 10280398 },
    { url = "https://files.pythonhosted.org/packages/5d/b7/ee35904c07a0666784349529412fbb9814a56382b650d30fd9d6be5e5054/scikit_learn-1.3.2-cp312-cp312-manylinux_2_17_x86_64.manylinux2014_x86_64.whl", hash = "sha256:5b2de18d86f630d68fe1f87af690d451388bb186480afc719e5f770590c2ef6c", size = 10796478 },
    { url = "https://files.pythonhosted.org/packages/fe/6b/db949ed5ac367987b1f250f070f340b7715d22f0c9c965bdf07de6ca75a3/scikit_learn-1.3.2-cp312-cp312-win_amd64.whl", hash = "sha256:0402638c9a7c219ee52c94cbebc8fcb5eb9fe9c773717965c1f4185588ad3107", size = 9133979 },
]

[[package]]
name = "scipy"
version = "1.16.3"
source = { registry = "https://pypi.org/simple" }
dependencies = [
    { name = "numpy" },
]
sdist = { url = "https://files.pythonhosted.org/packages/0a/ca/d8ace4f98322d01abcd52d381134344bf7b431eba7ed8b42bdea5a3c2ac9/scipy-1.16.3.tar.gz", hash = "sha256:01e87659402762f43bd2fee13370553a17ada367d42e7487800bf2916535aecb", size = 30597883 }
wheels = [
    { url = "https://files.pythonhosted.org/packages/40/41/5bf55c3f386b1643812f3a5674edf74b26184378ef0f3e7c7a09a7e2ca7f/scipy-1.16.3-cp312-cp312-macosx_10_14_x86_64.whl", hash = "sha256:81fc5827606858cf71446a5e98715ba0e11f0dbc83d71c7409d05486592a45d6", size = 36659043 },
    { url = "https://files.pythonhosted.org/packages/1e/0f/65582071948cfc45d43e9870bf7ca5f0e0684e165d7c9ef4e50d783073eb/scipy-1.16.3-cp312-cp312-macosx_12_0_arm64.whl", hash = "sha256:c97176013d404c7346bf57874eaac5187d969293bf40497140b0a2b2b7482e07", size = 28898986 },
    { url = "https://files.pythonhosted.org/packages/96/5e/36bf3f0ac298187d1ceadde9051177d6a4fe4d507e8f59067dc9dd39e650/scipy-1.16.3-cp312-cp312-macosx_14_0_arm64.whl", hash = "sha256:2b71d93c8a9936046866acebc915e2af2e292b883ed6e2cbe5c34beb094b82d9", size = 20889814 },
    { url = "https://files.pythonhosted.org/packages/80/35/178d9d0c35394d5d5211bbff7ac4f2986c5488b59506fef9e1de13ea28d3/scipy-1.16.3-cp312-cp312-macosx_14_0_x86_64.whl", hash = "sha256:3d4a07a8e785d80289dfe66b7c27d8634a773020742ec7187b85ccc4b0e7b686", size = 23565795 },
    { url = "https://files.pythonhosted.org/packages/fa/46/d1146ff536d034d02f83c8afc3c4bab2eddb634624d6529a8512f3afc9da/scipy-1.16.3-cp312-cp312-manylinux2014_aarch64.manylinux_2_17_aarch64.whl", hash = "sha256:0553371015692a898e1aa858fed67a3576c34edefa6b7ebdb4e9dde49ce5c203", size = 33349476 },
    { url = "https://files.pythonhosted.org/packages/79/2e/415119c9ab3e62249e18c2b082c07aff907a273741b3f8160414b0e9193c/scipy-1.16.3-cp312-cp312-manylinux2014_x86_64.manylinux_2_17_x86_64.whl", hash = "sha256:72d1717fd3b5e6ec747327ce9bda32d5463f472c9dce9f54499e81fbd50245a1", size = 35676692 },
    { url = "https://files.pythonhosted.org/packages/27/82/df26e44da78bf8d2aeaf7566082260cfa15955a5a6e96e6a29935b64132f/scipy-1.16.3-cp312-cp312-musllinux_1_2_aarch64.whl", hash = "sha256:1fb2472e72e24d1530debe6ae078db70fb1605350c88a3d14bc401d6306dbffe", size = 36019345 },
    { url = "https://files.pythonhosted.org/packages/82/31/006cbb4b648ba379a95c87262c2855cd0d09453e500937f78b30f02fa1cd/scipy-1.16.3-cp312-cp312-musllinux_1_2_x86_64.whl", hash = "sha256:c5192722cffe15f9329a3948c4b1db789fbb1f05c97899187dcf009b283aea70", size = 38678975 },
    { url = "https://files.pythonhosted.org/packages/c2/7f/acbd28c97e990b421af7d6d6cd416358c9c293fc958b8529e0bd5d2a2a19/scipy-1.16.3-cp312-cp312-win_amd64.whl", hash = "sha256:56edc65510d1331dae01ef9b658d428e33ed48b4f77b1d51caf479a0253f96dc", size = 38555926 },
    { url = "https://files.pythonhosted.org/packages/ce/69/c5c7807fd007dad4f48e0a5f2153038dc96e8725d3345b9ee31b2b7bed46/scipy-1.16.3-cp312-cp312-win_arm64.whl", hash = "sha256:a8a26c78ef223d3e30920ef759e25625a0ecdd0d60e5a8818b7513c3e5384cf2", size = 25463014 },
    { url = "https://files.pythonhosted.org/packages/72/f1/57e8327ab1508272029e27eeef34f2302ffc156b69e7e233e906c2a5c379/scipy-1.16.3-cp313-cp313-macosx_10_14_x86_64.whl", hash = "sha256:d2ec56337675e61b312179a1ad124f5f570c00f920cc75e1000025451b88241c", size = 36617856 },
    { url = "https://files.pythonhosted.org/packages/44/13/7e63cfba8a7452eb756306aa2fd9b37a29a323b672b964b4fdeded9a3f21/scipy-1.16.3-cp313-cp313-macosx_12_0_arm64.whl", hash = "sha256:16b8bc35a4cc24db80a0ec836a9286d0e31b2503cb2fd7ff7fb0e0374a97081d", size = 28874306 },
    { url = "https://files.pythonhosted.org/packages/15/65/3a9400efd0228a176e6ec3454b1fa998fbbb5a8defa1672c3f65706987db/scipy-1.16.3-cp313-cp313-macosx_14_0_arm64.whl", hash = "sha256:5803c5fadd29de0cf27fa08ccbfe7a9e5d741bf63e4ab1085437266f12460ff9", size = 20865371 },
    { url = "https://files.pythonhosted.org/packages/33/d7/eda09adf009a9fb81827194d4dd02d2e4bc752cef16737cc4ef065234031/scipy-1.16.3-cp313-cp313-macosx_14_0_x86_64.whl", hash = "sha256:b81c27fc41954319a943d43b20e07c40bdcd3ff7cf013f4fb86286faefe546c4", size = 23524877 },
    { url = "https://files.pythonhosted.org/packages/7d/6b/3f911e1ebc364cb81320223a3422aab7d26c9c7973109a9cd0f27c64c6c0/scipy-1.16.3-cp313-cp313-manylinux2014_aarch64.manylinux_2_17_aarch64.whl", hash = "sha256:0c3b4dd3d9b08dbce0f3440032c52e9e2ab9f96ade2d3943313dfe51a7056959", size = 33342103 },
    { url = "https://files.pythonhosted.org/packages/21/f6/4bfb5695d8941e5c570a04d9fcd0d36bce7511b7d78e6e75c8f9791f82d0/scipy-1.16.3-cp313-cp313-manylinux2014_x86_64.manylinux_2_17_x86_64.whl", hash = "sha256:7dc1360c06535ea6116a2220f760ae572db9f661aba2d88074fe30ec2aa1ff88", size = 35697297 },
    { url = "https://files.pythonhosted.org/packages/04/e1/6496dadbc80d8d896ff72511ecfe2316b50313bfc3ebf07a3f580f08bd8c/scipy-1.16.3-cp313-cp313-musllinux_1_2_aarch64.whl", hash = "sha256:663b8d66a8748051c3ee9c96465fb417509315b99c71550fda2591d7dd634234", size = 36021756 },
    { url = "https://files.pythonhosted.org/packages/fe/bd/a8c7799e0136b987bda3e1b23d155bcb31aec68a4a472554df5f0937eef7/scipy-1.16.3-cp313-cp313-musllinux_1_2_x86_64.whl", hash = "sha256:eab43fae33a0c39006a88096cd7b4f4ef545ea0447d250d5ac18202d40b6611d", size = 38696566 },
    { url = "https://files.pythonhosted.org/packages/cd/01/1204382461fcbfeb05b6161b594f4007e78b6eba9b375382f79153172b4d/scipy-1.16.3-cp313-cp313-win_amd64.whl", hash = "sha256:062246acacbe9f8210de8e751b16fc37458213f124bef161a5a02c7a39284304", size = 38529877 },
    { url = "https://files.pythonhosted.org/packages/7f/14/9d9fbcaa1260a94f4bb5b64ba9213ceb5d03cd88841fe9fd1ffd47a45b73/scipy-1.16.3-cp313-cp313-win_arm64.whl", hash = "sha256:50a3dbf286dbc7d84f176f9a1574c705f277cb6565069f88f60db9eafdbe3ee2", size = 25455366 },
    { url = "https://files.pythonhosted.org/packages/e2/a3/9ec205bd49f42d45d77f1730dbad9ccf146244c1647605cf834b3a8c4f36/scipy-1.16.3-cp313-cp313t-macosx_10_14_x86_64.whl", hash = "sha256:fb4b29f4cf8cc5a8d628bc8d8e26d12d7278cd1f219f22698a378c3d67db5e4b", size = 37027931 },
    { url = "https://files.pythonhosted.org/packages/25/06/ca9fd1f3a4589cbd825b1447e5db3a8ebb969c1eaf22c8579bd286f51b6d/scipy-1.16.3-cp313-cp313t-macosx_12_0_arm64.whl", hash = "sha256:8d09d72dc92742988b0e7750bddb8060b0c7079606c0d24a8cc8e9c9c11f9079", size = 29400081 },
    { url = "https://files.pythonhosted.org/packages/6a/56/933e68210d92657d93fb0e381683bc0e53a965048d7358ff5fbf9e6a1b17/scipy-1.16.3-cp313-cp313t-macosx_14_0_arm64.whl", hash = "sha256:03192a35e661470197556de24e7cb1330d84b35b94ead65c46ad6f16f6b28f2a", size = 21391244 },
    { url = "https://files.pythonhosted.org/packages/a8/7e/779845db03dc1418e215726329674b40576879b91814568757ff0014ad65/scipy-1.16.3-cp313-cp313t-macosx_14_0_x86_64.whl", hash = "sha256:57d01cb6f85e34f0946b33caa66e892aae072b64b034183f3d87c4025802a119", size = 23929753 },
    { url = "https://files.pythonhosted.org/packages/4c/4b/f756cf8161d5365dcdef9e5f460ab226c068211030a175d2fc7f3f41ca64/scipy-1.16.3-cp313-cp313t-manylinux2014_aarch64.manylinux_2_17_aarch64.whl", hash = "sha256:96491a6a54e995f00a28a3c3badfff58fd093bf26cd5fb34a2188c8c756a3a2c", size = 33496912 },
    { url = "https://files.pythonhosted.org/packages/09/b5/222b1e49a58668f23839ca1542a6322bb095ab8d6590d4f71723869a6c2c/scipy-1.16.3-cp313-cp313t-manylinux2014_x86_64.manylinux_2_17_x86_64.whl", hash = "sha256:cd13e354df9938598af2be05822c323e97132d5e6306b83a3b4ee6724c6e522e", size = 35802371 },
    { url = "https://files.pythonhosted.org/packages/c1/8d/5964ef68bb31829bde27611f8c9deeac13764589fe74a75390242b64ca44/scipy-1.16.3-cp313-cp313t-musllinux_1_2_aarch64.whl", hash = "sha256:63d3cdacb8a824a295191a723ee5e4ea7768ca5ca5f2838532d9f2e2b3ce2135", size = 36190477 },
    { url = "https://files.pythonhosted.org/packages/ab/f2/b31d75cb9b5fa4dd39a0a931ee9b33e7f6f36f23be5ef560bf72e0f92f32/scipy-1.16.3-cp313-cp313t-musllinux_1_2_x86_64.whl", hash = "sha256:e7efa2681ea410b10dde31a52b18b0154d66f2485328830e45fdf183af5aefc6", size = 38796678 },
    { url = "https://files.pythonhosted.org/packages/b4/1e/b3723d8ff64ab548c38d87055483714fefe6ee20e0189b62352b5e015bb1/scipy-1.16.3-cp313-cp313t-win_amd64.whl", hash = "sha256:2d1ae2cf0c350e7705168ff2429962a89ad90c2d49d1dd300686d8b2a5af22fc", size = 38640178 },
    { url = "https://files.pythonhosted.org/packages/8e/f3/d854ff38789aca9b0cc23008d607ced9de4f7ab14fa1ca4329f86b3758ca/scipy-1.16.3-cp313-cp313t-win_arm64.whl", hash = "sha256:0c623a54f7b79dd88ef56da19bc2873afec9673a48f3b85b18e4d402bdd29a5a", size = 25803246 },
    { url = "https://files.pythonhosted.org/packages/99/f6/99b10fd70f2d864c1e29a28bbcaa0c6340f9d8518396542d9ea3b4aaae15/scipy-1.16.3-cp314-cp314-macosx_10_14_x86_64.whl", hash = "sha256:875555ce62743e1d54f06cdf22c1e0bc47b91130ac40fe5d783b6dfa114beeb6", size = 36606469 },
    { url = "https://files.pythonhosted.org/packages/4d/74/043b54f2319f48ea940dd025779fa28ee360e6b95acb7cd188fad4391c6b/scipy-1.16.3-cp314-cp314-macosx_12_0_arm64.whl", hash = "sha256:bb61878c18a470021fb515a843dc7a76961a8daceaaaa8bad1332f1bf4b54657", size = 28872043 },
    { url = "https://files.pythonhosted.org/packages/4d/e1/24b7e50cc1c4ee6ffbcb1f27fe9f4c8b40e7911675f6d2d20955f41c6348/scipy-1.16.3-cp314-cp314-macosx_14_0_arm64.whl", hash = "sha256:f2622206f5559784fa5c4b53a950c3c7c1cf3e84ca1b9c4b6c03f062f289ca26", size = 20862952 },
    { url = "https://files.pythonhosted.org/packages/dd/3a/3e8c01a4d742b730df368e063787c6808597ccb38636ed821d10b39ca51b/scipy-1.16.3-cp314-cp314-macosx_14_0_x86_64.whl", hash = "sha256:7f68154688c515cdb541a31ef8eb66d8cd1050605be9dcd74199cbd22ac739bc", size = 23508512 },
    { url = "https://files.pythonhosted.org/packages/1f/60/c45a12b98ad591536bfe5330cb3cfe1850d7570259303563b1721564d458/scipy-1.16.3-cp314-cp314-manylinux2014_aarch64.manylinux_2_17_aarch64.whl", hash = "sha256:8b3c820ddb80029fe9f43d61b81d8b488d3ef8ca010d15122b152db77dc94c22", size = 33413639 },
    { url = "https://files.pythonhosted.org/packages/71/bc/35957d88645476307e4839712642896689df442f3e53b0fa016ecf8a3357/scipy-1.16.3-cp314-cp314-manylinux2014_x86_64.manylinux_2_17_x86_64.whl", hash = "sha256:d3837938ae715fc0fe3c39c0202de3a8853aff22ca66781ddc2ade7554b7e2cc", size = 35704729 },
    { url = "https://files.pythonhosted.org/packages/3b/15/89105e659041b1ca11c386e9995aefacd513a78493656e57789f9d9eab61/scipy-1.16.3-cp314-cp314-musllinux_1_2_aarch64.whl", hash = "sha256:aadd23f98f9cb069b3bd64ddc900c4d277778242e961751f77a8cb5c4b946fb0", size = 36086251 },
    { url = "https://files.pythonhosted.org/packages/1a/87/c0ea673ac9c6cc50b3da2196d860273bc7389aa69b64efa8493bdd25b093/scipy-1.16.3-cp314-cp314-musllinux_1_2_x86_64.whl", hash = "sha256:b7c5f1bda1354d6a19bc6af73a649f8285ca63ac6b52e64e658a5a11d4d69800", size = 38716681 },
    { url = "https://files.pythonhosted.org/packages/91/06/837893227b043fb9b0d13e4bd7586982d8136cb249ffb3492930dab905b8/scipy-1.16.3-cp314-cp314-win_amd64.whl", hash = "sha256:e5d42a9472e7579e473879a1990327830493a7047506d58d73fc429b84c1d49d", size = 39358423 },
    { url = "https://files.pythonhosted.org/packages/95/03/28bce0355e4d34a7c034727505a02d19548549e190bedd13a721e35380b7/scipy-1.16.3-cp314-cp314-win_arm64.whl", hash = "sha256:6020470b9d00245926f2d5bb93b119ca0340f0d564eb6fbaad843eaebf9d690f", size = 26135027 },
    { url = "https://files.pythonhosted.org/packages/b2/6f/69f1e2b682efe9de8fe9f91040f0cd32f13cfccba690512ba4c582b0bc29/scipy-1.16.3-cp314-cp314t-macosx_10_14_x86_64.whl", hash = "sha256:e1d27cbcb4602680a49d787d90664fa4974063ac9d4134813332a8c53dbe667c", size = 37028379 },
    { url = "https://files.pythonhosted.org/packages/7c/2d/e826f31624a5ebbab1cd93d30fd74349914753076ed0593e1d56a98c4fb4/scipy-1.16.3-cp314-cp314t-macosx_12_0_arm64.whl", hash = "sha256:9b9c9c07b6d56a35777a1b4cc8966118fb16cfd8daf6743867d17d36cfad2d40", size = 29400052 },
    { url = "https://files.pythonhosted.org/packages/69/27/d24feb80155f41fd1f156bf144e7e049b4e2b9dd06261a242905e3bc7a03/scipy-1.16.3-cp314-cp314t-macosx_14_0_arm64.whl", hash = "sha256:3a4c460301fb2cffb7f88528f30b3127742cff583603aa7dc964a52c463b385d", size = 21391183 },
    { url = "https://files.pythonhosted.org/packages/f8/d3/1b229e433074c5738a24277eca520a2319aac7465eea7310ea6ae0e98ae2/scipy-1.16.3-cp314-cp314t-macosx_14_0_x86_64.whl", hash = "sha256:f667a4542cc8917af1db06366d3f78a5c8e83badd56409f94d1eac8d8d9133fa", size = 23930174 },
    { url = "https://files.pythonhosted.org/packages/16/9d/d9e148b0ec680c0f042581a2be79a28a7ab66c0c4946697f9e7553ead337/scipy-1.16.3-cp314-cp314t-manylinux2014_aarch64.manylinux_2_17_aarch64.whl", hash = "sha256:f379b54b77a597aa7ee5e697df0d66903e41b9c85a6dd7946159e356319158e8", size = 33497852 },
    { url = "https://files.pythonhosted.org/packages/2f/22/4e5f7561e4f98b7bea63cf3fd7934bff1e3182e9f1626b089a679914d5c8/scipy-1.16.3-cp314-cp314t-manylinux2014_x86_64.manylinux_2_17_x86_64.whl", hash = "sha256:4aff59800a3b7f786b70bfd6ab551001cb553244988d7d6b8299cb1ea653b353", size = 35798595 },
    { url = "https://files.pythonhosted.org/packages/83/42/6644d714c179429fc7196857866f219fef25238319b650bb32dde7bf7a48/scipy-1.16.3-cp314-cp314t-musllinux_1_2_aarch64.whl", hash = "sha256:da7763f55885045036fabcebd80144b757d3db06ab0861415d1c3b7c69042146", size = 36186269 },
    { url = "https://files.pythonhosted.org/packages/ac/70/64b4d7ca92f9cf2e6fc6aaa2eecf80bb9b6b985043a9583f32f8177ea122/scipy-1.16.3-cp314-cp314t-musllinux_1_2_x86_64.whl", hash = "sha256:ffa6eea95283b2b8079b821dc11f50a17d0571c92b43e2b5b12764dc5f9b285d", size = 38802779 },
    { url = "https://files.pythonhosted.org/packages/61/82/8d0e39f62764cce5ffd5284131e109f07cf8955aef9ab8ed4e3aa5e30539/scipy-1.16.3-cp314-cp314t-win_amd64.whl", hash = "sha256:d9f48cafc7ce94cf9b15c6bffdc443a81a27bf7075cf2dcd5c8b40f85d10c4e7", size = 39471128 },
    { url = "https://files.pythonhosted.org/packages/64/47/a494741db7280eae6dc033510c319e34d42dd41b7ac0c7ead39354d1a2b5/scipy-1.16.3-cp314-cp314t-win_arm64.whl", hash = "sha256:21d9d6b197227a12dcbf9633320a4e34c6b0e51c57268df255a0942983bac562", size = 26464127 },
]

[[package]]
name = "stack-data"
version = "0.6.3"
source = { registry = "https://pypi.org/simple" }
dependencies = [
    { name = "asttokens" },
    { name = "executing" },
    { name = "pure-eval" },
]
sdist = { url = "https://files.pythonhosted.org/packages/28/e3/55dcc2cfbc3ca9c29519eb6884dd1415ecb53b0e934862d3559ddcb7e20b/stack_data-0.6.3.tar.gz", hash = "sha256:836a778de4fec4dcd1dcd89ed8abff8a221f58308462e1c4aa2a3cf30148f0b9", size = 44707 }
wheels = [
    { url = "https://files.pythonhosted.org/packages/f1/7b/ce1eafaf1a76852e2ec9b22edecf1daa58175c090266e9f6c64afcd81d91/stack_data-0.6.3-py3-none-any.whl", hash = "sha256:d5558e0c25a4cb0853cddad3d77da9891a08cb85dd9f9f91b9f8cd66e511e695", size = 24521 },
]

[[package]]
name = "tda-in-finance"
version = "0.1.0"
source = { virtual = "." }
dependencies = [
    { name = "giotto-tda" },
]

[package.metadata]
requires-dist = [{ name = "giotto-tda", specifier = ">=0.6.2" }]

[[package]]
name = "texttable"
version = "1.7.0"
source = { registry = "https://pypi.org/simple" }
sdist = { url = "https://files.pythonhosted.org/packages/1c/dc/0aff23d6036a4d3bf4f1d8c8204c5c79c4437e25e0ae94ffe4bbb55ee3c2/texttable-1.7.0.tar.gz", hash = "sha256:2d2068fb55115807d3ac77a4ca68fa48803e84ebb0ee2340f858107a36522638", size = 12831 }
wheels = [
    { url = "https://files.pythonhosted.org/packages/24/99/4772b8e00a136f3e01236de33b0efda31ee7077203ba5967fcc76da94d65/texttable-1.7.0-py2.py3-none-any.whl", hash = "sha256:72227d592c82b3d7f672731ae73e4d1f88cd8e2ef5b075a7a7f01a23a3743917", size = 10768 },
]

[[package]]
name = "threadpoolctl"
version = "3.6.0"
source = { registry = "https://pypi.org/simple" }
sdist = { url = "https://files.pythonhosted.org/packages/b7/4d/08c89e34946fce2aec4fbb45c9016efd5f4d7f24af8e5d93296e935631d8/threadpoolctl-3.6.0.tar.gz", hash = "sha256:8ab8b4aa3491d812b623328249fab5302a68d2d71745c8a4c719a2fcaba9f44e", size = 21274 }
wheels = [
    { url = "https://files.pythonhosted.org/packages/32/d5/f9a850d79b0851d1d4ef6456097579a9005b31fea68726a4ae5f2d82ddd9/threadpoolctl-3.6.0-py3-none-any.whl", hash = "sha256:43a0b8fd5a2928500110039e43a5eed8480b918967083ea48dc3ab9f13c4a7fb", size = 18638 },
]

[[package]]
name = "traitlets"
version = "5.14.3"
source = { registry = "https://pypi.org/simple" }
sdist = { url = "https://files.pythonhosted.org/packages/eb/79/72064e6a701c2183016abbbfedaba506d81e30e232a68c9f0d6f6fcd1574/traitlets-5.14.3.tar.gz", hash = "sha256:9ed0579d3502c94b4b3732ac120375cda96f923114522847de4b3bb98b96b6b7", size = 161621 }
wheels = [
    { url = "https://files.pythonhosted.org/packages/00/c0/8f5d070730d7836adc9c9b6408dec68c6ced86b304a9b26a14df072a6e8c/traitlets-5.14.3-py3-none-any.whl", hash = "sha256:b74e89e397b1ed28cc831db7aea759ba6640cb3de13090ca145426688ff1ac4f", size = 85359 },
]

[[package]]
name = "wcwidth"
version = "0.2.14"
source = { registry = "https://pypi.org/simple" }
sdist = { url = "https://files.pythonhosted.org/packages/24/30/6b0809f4510673dc723187aeaf24c7f5459922d01e2f794277a3dfb90345/wcwidth-0.2.14.tar.gz", hash = "sha256:4d478375d31bc5395a3c55c40ccdf3354688364cd61c4f6adacaa9215d0b3605", size = 102293 }
wheels = [
    { url = "https://files.pythonhosted.org/packages/af/b5/123f13c975e9f27ab9c0770f514345bd406d0e8d3b7a0723af9d43f710af/wcwidth-0.2.14-py2.py3-none-any.whl", hash = "sha256:a7bb560c8aee30f9957e5f9895805edd20602f2d7f720186dfd906e82b4982e1", size = 37286 },
]

[[package]]
name = "widgetsnbextension"
version = "4.0.15"
source = { registry = "https://pypi.org/simple" }
sdist = { url = "https://files.pythonhosted.org/packages/bd/f4/c67440c7fb409a71b7404b7aefcd7569a9c0d6bd071299bf4198ae7a5d95/widgetsnbextension-4.0.15.tar.gz", hash = "sha256:de8610639996f1567952d763a5a41af8af37f2575a41f9852a38f947eb82a3b9", size = 1097402 }
wheels = [
    { url = "https://files.pythonhosted.org/packages/3f/0e/fa3b193432cfc60c93b42f3be03365f5f909d2b3ea410295cf36df739e31/widgetsnbextension-4.0.15-py3-none-any.whl", hash = "sha256:8156704e4346a571d9ce73b84bee86a29906c9abfd7223b7228a28899ccf3366", size = 2196503 },
]
